// !$*UTF8*$!
{
	archiveVersion = 1;
	classes = {
	};
	objectVersion = 77;
	objects = {

/* Begin PBXBuildFile section */
		06446485AA69D29E91C2D52A /* PatternDetectionEngine.swift in Sources */ = {isa = PBXBuildFile; fileRef = 1C92A08D0EAA6E0268F8BF95 /* PatternDetectionEngine.swift */; };
		06C254044BED71DB5D34587E /* EchoScheduler.swift in Sources */ = {isa = PBXBuildFile; fileRef = 2728704A9DC9BFD29457EC71 /* EchoScheduler.swift */; };
		07613D9D1A30741E236617A6 /* InferredEvent+Display.swift in Sources */ = {isa = PBXBuildFile; fileRef = 5B031A85AEE6E0F90458750E /* InferredEvent+Display.swift */; };
		097A0AD5ABBA6532888B0793 /* EchoAIServiceTests.swift in Sources */ = {isa = PBXBuildFile; fileRef = 193E7480FCC24BAD0368A991 /* EchoAIServiceTests.swift */; };
		098D78BFE47A6A0C393D07B5 /* SwiftDataMoodRecordStoreTests.swift in Sources */ = {isa = PBXBuildFile; fileRef = 7FF1B505498DE678D74F9FB8 /* SwiftDataMoodRecordStoreTests.swift */; };
		0D0BAB618A5319A16F329430 /* MotionCollector.swift in Sources */ = {isa = PBXBuildFile; fileRef = 039A704E1AD966C5EA2F733B /* MotionCollector.swift */; };
		112A0BDA89B864C67193D620 /* ShutterRecordStoreTests.swift in Sources */ = {isa = PBXBuildFile; fileRef = 7A816801F7436E09273B2A9E /* ShutterRecordStoreTests.swift */; };
		1199B8E6F83FB892D6DA1CFD /* CurrentActivityProvider.swift in Sources */ = {isa = PBXBuildFile; fileRef = C300C973775E007521F18167 /* CurrentActivityProvider.swift */; };
		19DD8042A0DF81B441DEC5C5 /* EchoAIProviding.swift in Sources */ = {isa = PBXBuildFile; fileRef = B966BAB4E0499F555A2D3115 /* EchoAIProviding.swift */; };
		19FF94F3CDD7EFFA1739D954 /* SensorTypes.swift in Sources */ = {isa = PBXBuildFile; fileRef = 25E947A917714BEAF2DC6239 /* SensorTypes.swift */; };
		1BA8987331616F3D33C462ED /* EchoPromptBuilder.swift in Sources */ = {isa = PBXBuildFile; fileRef = 3F769FB96C82A08275CF5355 /* EchoPromptBuilder.swift */; };
		1DDBA405D91C55C27B77C29E /* ShutterMediaLibraryTests.swift in Sources */ = {isa = PBXBuildFile; fileRef = 5990A8C0CD443E744B0EC3E1 /* ShutterMediaLibraryTests.swift */; };
		1F54F1665EFF3A74B53602AC /* EchoMessageManager.swift in Sources */ = {isa = PBXBuildFile; fileRef = D5161D7C3300BF68A09C56F8 /* EchoMessageManager.swift */; };
		1F7639143D07656F69CCFBC1 /* BackgroundTaskManager.swift in Sources */ = {isa = PBXBuildFile; fileRef = D52F65A4774BB7467BD2DBC1 /* BackgroundTaskManager.swift */; };
		2F9E1C73B23729E7CD0B5DAA /* DeviceStateCollectorTests.swift in Sources */ = {isa = PBXBuildFile; fileRef = DD8682A65FCDD7B5B3365527 /* DeviceStateCollectorTests.swift */; };
		33743885E756668409BA8C53 /* PedometerCollector.swift in Sources */ = {isa = PBXBuildFile; fileRef = AEDA481460C51058C7DB4FE2 /* PedometerCollector.swift */; };
		33D6B6D09CA5F463C426E765 /* EchoChatViewModelTests.swift in Sources */ = {isa = PBXBuildFile; fileRef = E551233BEC618D5CE02A0445 /* EchoChatViewModelTests.swift */; };
		34222B5821BAD509C86A292E /* EchoMemoryManager.swift in Sources */ = {isa = PBXBuildFile; fileRef = AEC64CECC175AC21CE8B9ACC /* EchoMemoryManager.swift */; };
		35B6EEA7284D7A468B0C45A4 /* EchoSchedulerTests.swift in Sources */ = {isa = PBXBuildFile; fileRef = 10B1951ADAED95F5F9B388B2 /* EchoSchedulerTests.swift */; };
		36266D4161AF2A2824D17B75 /* QuickRecordSheet.swift in Sources */ = {isa = PBXBuildFile; fileRef = 2FA08C355B9422FEFC1D950A /* QuickRecordSheet.swift */; };
		3671BDB36ED0522EB78A2271 /* EchoMemoryEntities.swift in Sources */ = {isa = PBXBuildFile; fileRef = 72FA29C77F8847333AECE124 /* EchoMemoryEntities.swift */; };
		374BB5B8024D43DEEB781C2D /* EchoDailySummaryGeneratorTests.swift in Sources */ = {isa = PBXBuildFile; fileRef = 1F90D7BD80D380B9E483FF65 /* EchoDailySummaryGeneratorTests.swift */; };
		3DB938748A08ECE8E68EDB47 /* OnboardingViewTests.swift in Sources */ = {isa = PBXBuildFile; fileRef = 1B12ADD36D97D353B3D887DD /* OnboardingViewTests.swift */; };
		42E9331811E33CBD40E88723 /* DayTimelineEntity.swift in Sources */ = {isa = PBXBuildFile; fileRef = ED5E4D5563AC71A0747FEA41 /* DayTimelineEntity.swift */; };
		4489F5BA8EE15449F8F1C9DE /* SensorCollecting.swift in Sources */ = {isa = PBXBuildFile; fileRef = E55BD79449543E2EDA158B48 /* SensorCollecting.swift */; };
		456895F66B5C6523BE9D2876 /* EchoAIService.swift in Sources */ = {isa = PBXBuildFile; fileRef = F4E8F6DA02ABE5F983DFB6F7 /* EchoAIService.swift */; };
		4D23057BD49E8F3BF5B43BF4 /* PhoneTimelineDataProviderTests.swift in Sources */ = {isa = PBXBuildFile; fileRef = FA0CD7C3B25332C37FAC3859 /* PhoneTimelineDataProviderTests.swift */; };
		4E0E762B4D92B8C4703F24C0 /* MoodRecordEntity.swift in Sources */ = {isa = PBXBuildFile; fileRef = 517D081EC92833825D6C1658 /* MoodRecordEntity.swift */; };
		50D54D3F7E2914EB1CEC9C91 /* SensorTypesTests.swift in Sources */ = {isa = PBXBuildFile; fileRef = B841AA3458BDB1107651FED3 /* SensorTypesTests.swift */; };
		52830123F66707C10C29F71B /* DayScrollViewTests.swift in Sources */ = {isa = PBXBuildFile; fileRef = 6B907BCCAD9C4524D3CAAC6F /* DayScrollViewTests.swift */; };
		5627864198690EAA20F5789A /* SettingsView.swift in Sources */ = {isa = PBXBuildFile; fileRef = BA58D34BC15E87A86C0531D2 /* SettingsView.swift */; };
		573D2E2038EE84A0776BC0D5 /* TodayScreen.swift in Sources */ = {isa = PBXBuildFile; fileRef = C51DF4C9EE831D490171EE33 /* TodayScreen.swift */; };
		59A62671AC37416B6921E436 /* NewEventKindTests.swift in Sources */ = {isa = PBXBuildFile; fileRef = 19F6F718AF60064D8B59E602 /* NewEventKindTests.swift */; };
		5AE1B8C4C97B3FDD1AC06675 /* PedometerCollectorTests.swift in Sources */ = {isa = PBXBuildFile; fileRef = 3373AE9894FB26E97C58C1FA /* PedometerCollectorTests.swift */; };
		60BE2430DB266E7E890E53AD /* UnfoldApp.swift in Sources */ = {isa = PBXBuildFile; fileRef = 00324953E959CF42B072A7FC /* UnfoldApp.swift */; };
		656215E5648898D4FDA75DCD /* PhoneTimelineDataProvider.swift in Sources */ = {isa = PBXBuildFile; fileRef = F9F156F37B272E8665520A41 /* PhoneTimelineDataProvider.swift */; };
		65870246322B8C5135768738 /* AnnotationStore.swift in Sources */ = {isa = PBXBuildFile; fileRef = 2C7EEEA30452F0F69063060F /* AnnotationStore.swift */; };
		6632D141410E33E7CE3039C4 /* PhoneInferenceEngineTests.swift in Sources */ = {isa = PBXBuildFile; fileRef = BBFA94CCF4D730B27A3ADECE /* PhoneInferenceEngineTests.swift */; };
		6914C2521B42CB3E9C653E79 /* EchoEngineTests.swift in Sources */ = {isa = PBXBuildFile; fileRef = 2C552B16ADC952C8292BD75C /* EchoEngineTests.swift */; };
		6B9F1A79530FF8267B634B8C /* SensorDataStoreTests.swift in Sources */ = {isa = PBXBuildFile; fileRef = 3C2B564C4E128F7FFAAF4CE4 /* SensorDataStoreTests.swift */; };
		742AFD2A11F260BCB5FD6E62 /* TodayViewModel.swift in Sources */ = {isa = PBXBuildFile; fileRef = 5E258117E152599425A9867A /* TodayViewModel.swift */; };
		77456618EA4515D492DA9DDA /* EchoMessageStoreTests.swift in Sources */ = {isa = PBXBuildFile; fileRef = 9817F02122CC8D53A1DB307D /* EchoMessageStoreTests.swift */; };
		791903BA738523437BE8EE81 /* MoodPhotoAttachment.swift in Sources */ = {isa = PBXBuildFile; fileRef = FDB4EF4DBF23B545C6736902 /* MoodPhotoAttachment.swift */; };
		7CD30541A7172D41AA3CD2E7 /* ShutterMediaLibrary.swift in Sources */ = {isa = PBXBuildFile; fileRef = B573647C11F29547B19D3F58 /* ShutterMediaLibrary.swift */; };
		7F46E8837800E1A672CE8745 /* DeepSeekAIProvider.swift in Sources */ = {isa = PBXBuildFile; fileRef = FB415E05ECA0AC896968765F /* DeepSeekAIProvider.swift */; };
		81F58D2A98178A6CD0839A47 /* ShutterRecord.swift in Sources */ = {isa = PBXBuildFile; fileRef = 74D702EFABB721E12BCEE68F /* ShutterRecord.swift */; };
		8893776CB6689D8D24789DB3 /* PlaceManager.swift in Sources */ = {isa = PBXBuildFile; fileRef = B585761B8625E14B1B08A4E1 /* PlaceManager.swift */; };
		892925FB153C50F231631113 /* RootView.swift in Sources */ = {isa = PBXBuildFile; fileRef = 172D352B93A287AC813F9606 /* RootView.swift */; };
		8EEF3BA4E94A5A74DF48F286 /* ShutterRecordStoring.swift in Sources */ = {isa = PBXBuildFile; fileRef = 96BAF0F4225EA2D346A16029 /* ShutterRecordStoring.swift */; };
		903BD1CF81B1FDCE489B66B4 /* EchoDailySummaryGenerator.swift in Sources */ = {isa = PBXBuildFile; fileRef = 991D2E141791CD4CB4696002 /* EchoDailySummaryGenerator.swift */; };
		912B401A1F125E4E3745F5C6 /* MotionCollectorTests.swift in Sources */ = {isa = PBXBuildFile; fileRef = 20B7C51F662EC14C9F7E96DC /* MotionCollectorTests.swift */; };
		93C3B96072D6ECD7AB82943B /* MockTimelineDataProvider.swift in Sources */ = {isa = PBXBuildFile; fileRef = 0FE2EF155E1C18E24C5D11D1 /* MockTimelineDataProvider.swift */; };
		9EC13DEF66B0044C185F34E6 /* PlaceManagerTests.swift in Sources */ = {isa = PBXBuildFile; fileRef = CDA1FC9F14C4C9223D6E750E /* PlaceManagerTests.swift */; };
		A05D3D71F23108D27807DA94 /* TodayInsightComposerTests.swift in Sources */ = {isa = PBXBuildFile; fileRef = D5E3EC90284C88262A943A15 /* TodayInsightComposerTests.swift */; };
		A06CED5605D3420D5B21617E /* EchoChatSessionTests.swift in Sources */ = {isa = PBXBuildFile; fileRef = BB963E6AE239CB001EA533A1 /* EchoChatSessionTests.swift */; };
		A1E57ADE6D59955BA91C69CA /* DeviceStateCollector.swift in Sources */ = {isa = PBXBuildFile; fileRef = D154A43EC2A1E5AA9BB3E6EF /* DeviceStateCollector.swift */; };
		A6DC40FEE40A9E9F17E212CA /* EchoMessageManagerTests.swift in Sources */ = {isa = PBXBuildFile; fileRef = 657E7CB2585EACE47FFE1613 /* EchoMessageManagerTests.swift */; };
		AB5F6A399EE781C4F3B21BC6 /* EchoWeeklyProfileUpdater.swift in Sources */ = {isa = PBXBuildFile; fileRef = EE82260DB517A82DAD2783A3 /* EchoWeeklyProfileUpdater.swift */; };
		ACB5952FC0F8CB92C245AD7F /* EchoChatSession.swift in Sources */ = {isa = PBXBuildFile; fileRef = BCF883384B93C9EE573AAA35 /* EchoChatSession.swift */; };
		AFB0264365F2546579D2F53A /* MoodRecordStoring.swift in Sources */ = {isa = PBXBuildFile; fileRef = 3E53E00BCF5527A4FE8FD775 /* MoodRecordStoring.swift */; };
		B19C2DAC586E8E03D74020E7 /* Theme.swift in Sources */ = {isa = PBXBuildFile; fileRef = 130826F080B6224CDBDB4D36 /* Theme.swift */; };
		B1FE8264ADB9954A55A2426D /* EchoMessageStoring.swift in Sources */ = {isa = PBXBuildFile; fileRef = 858B86D76A9DD048BF71A74A /* EchoMessageStoring.swift */; };
		B77D211F12FE7EBB9023B98B /* MoodRecordManager.swift in Sources */ = {isa = PBXBuildFile; fileRef = 4ACD2CFDAA30430FC8EBEEE2 /* MoodRecordManager.swift */; };
		B90977F82DF7DAB3E3E9CD90 /* EchoNotificationScheduling.swift in Sources */ = {isa = PBXBuildFile; fileRef = 070F5BF3939F38CE2BA8AF7E /* EchoNotificationScheduling.swift */; };
		BA7F13DE7B02A10E1D6F1435 /* PatternDetectionEngineTests.swift in Sources */ = {isa = PBXBuildFile; fileRef = 6165F7DB61F4FDBCC4A2E604 /* PatternDetectionEngineTests.swift */; };
		BC27B6044A1FB59CCFBD9B6D /* LocationCollector.swift in Sources */ = {isa = PBXBuildFile; fileRef = E0B2EE8138EE16EC7078C00E /* LocationCollector.swift */; };
		C07D139F3CA70857CEFE0C05 /* EchoMemoryManagerTests.swift in Sources */ = {isa = PBXBuildFile; fileRef = 1FEC7FAC9DA97A938455A2C5 /* EchoMemoryManagerTests.swift */; };
		C0DC99D502C57FEBBF8D2597 /* EchoMessageEntity.swift in Sources */ = {isa = PBXBuildFile; fileRef = 05A61345F7366DF2B6CA4DC3 /* EchoMessageEntity.swift */; };
		C73B5E5049C1FE5A70D5CF6F /* LocationCollectorTests.swift in Sources */ = {isa = PBXBuildFile; fileRef = B200FA9169D89E482820B450 /* LocationCollectorTests.swift */; };
		C788B6CCA454A039ECC6BB00 /* CustomMoodEntity.swift in Sources */ = {isa = PBXBuildFile; fileRef = 133A14B66E9CA697B58313CB /* CustomMoodEntity.swift */; };
		C8D4B957327922E04DBD7578 /* Preview Assets.xcassets in Resources */ = {isa = PBXBuildFile; fileRef = 377615C5249C10E358F73636 /* Preview Assets.xcassets */; };
		CE56C4D6613B3C81A22038C6 /* SharedDataTypes.swift in Sources */ = {isa = PBXBuildFile; fileRef = 28FA8B03857B7C0FBA121B67 /* SharedDataTypes.swift */; };
		D7DF86B1EC7D5D82B3201C1C /* TimelineDataProviding.swift in Sources */ = {isa = PBXBuildFile; fileRef = 7D72C488C5C21014C1FAB59A /* TimelineDataProviding.swift */; };
		D8510CF5171BA58672763DD4 /* SensorDataStore.swift in Sources */ = {isa = PBXBuildFile; fileRef = 44311ECA1B0B67F057B402DF /* SensorDataStore.swift */; };
		D8F92239DBE3A3F5C42EF18F /* PhoneInferenceEngine.swift in Sources */ = {isa = PBXBuildFile; fileRef = 3DF36EFDDCA82F9755D1A41B /* PhoneInferenceEngine.swift */; };
		DC87F570223C41ADCC36B0A5 /* ShutterManager.swift in Sources */ = {isa = PBXBuildFile; fileRef = B728810C7D8A828956EBCC1A /* ShutterManager.swift */; };
		DCA2CE7DAA37F9418BF5A054 /* EventCardView.swift in Sources */ = {isa = PBXBuildFile; fileRef = E4DB4C737FAE60B464E96010 /* EventCardView.swift */; };
		DD042D446979BF714A91C923 /* AppContainer.swift in Sources */ = {isa = PBXBuildFile; fileRef = E7BB74516D89AD97D04F81B3 /* AppContainer.swift */; };
		DDBB21A1286194E2E9DFAB45 /* EchoRelevanceScorerTests.swift in Sources */ = {isa = PBXBuildFile; fileRef = 8545B37A46F57EE3F504D932 /* EchoRelevanceScorerTests.swift */; };
		DE297B083A85A47DD13DE450 /* Assets.xcassets in Resources */ = {isa = PBXBuildFile; fileRef = 0C96E2DCDAC54DA106C2D81A /* Assets.xcassets */; };
		DE64DC4615173FA2064D2929 /* MockEventInferenceEngine.swift in Sources */ = {isa = PBXBuildFile; fileRef = 83A5638C51B33BBE792F5AE6 /* MockEventInferenceEngine.swift */; };
		E055C0A1B07899513D87408F /* ShutterManagerTests.swift in Sources */ = {isa = PBXBuildFile; fileRef = E3255BECBDB1CE6697C05720 /* ShutterManagerTests.swift */; };
		E2ED475358AF93D1FE0D1556 /* HealthKitCollector.swift in Sources */ = {isa = PBXBuildFile; fileRef = EC30A2EF1BDEF9E4698A8AE4 /* HealthKitCollector.swift */; };
		E48F82F641DA0CF7EFF04D44 /* ContentCard.swift in Sources */ = {isa = PBXBuildFile; fileRef = 8E03D158917689D7BBB4E737 /* ContentCard.swift */; };
		E7B379DD078FB929AC5EA79E /* ShutterRecordEntity.swift in Sources */ = {isa = PBXBuildFile; fileRef = B6F7A5532B5F431CBE77A871 /* ShutterRecordEntity.swift */; };
		E9CB5836BFEF2931498AEAEF /* OnboardingView.swift in Sources */ = {isa = PBXBuildFile; fileRef = 973D706F71538DC634FB67A0 /* OnboardingView.swift */; };
		EC421489F126891847F7CEFB /* MoodRecord.swift in Sources */ = {isa = PBXBuildFile; fileRef = D796A8133E65C0F7E468E8AB /* MoodRecord.swift */; };
		F15785C5CD541E8A984C1FEB /* TodayViewModelSessionTests.swift in Sources */ = {isa = PBXBuildFile; fileRef = FCFF1F5F9574B84A9B5B3ED9 /* TodayViewModelSessionTests.swift */; };
		F1A0D8CA8CBDBFCA94149730 /* EchoPromptBuilderTests.swift in Sources */ = {isa = PBXBuildFile; fileRef = 7402A37E4AF7DC579A7FAA8E /* EchoPromptBuilderTests.swift */; };
		F207BDA9340A4E488E75EE87 /* CurrentEventSnapshot.swift in Sources */ = {isa = PBXBuildFile; fileRef = 5747760BE406B15979C4D0D9 /* CurrentEventSnapshot.swift */; };
		F68F07CC8452BAE0C1079C14 /* EchoMessageListNavigationTests.swift in Sources */ = {isa = PBXBuildFile; fileRef = 0ADA6FE1B233ABDFF706CA08 /* EchoMessageListNavigationTests.swift */; };
		F9025DC1CEA7F0A6A8ED89B8 /* DayScrollView.swift in Sources */ = {isa = PBXBuildFile; fileRef = 5889FB3C32316885ECA4BBBD /* DayScrollView.swift */; };
		FDAED2CD611752C27DCA5DA8 /* EchoMessage.swift in Sources */ = {isa = PBXBuildFile; fileRef = A85359B05BB8B7D012EB8DB8 /* EchoMessage.swift */; };
		FF1273843745BCAC8116E696 /* EchoItemStoreTests.swift in Sources */ = {isa = PBXBuildFile; fileRef = F79F49220A3F6F99493D9E9D /* EchoItemStoreTests.swift */; };
		FF5E4FB20D0B535F07B92382 /* MoodRecord+Timeline.swift in Sources */ = {isa = PBXBuildFile; fileRef = 6B917ECDF78E99FB0636A58B /* MoodRecord+Timeline.swift */; };
/* End PBXBuildFile section */

/* Begin PBXContainerItemProxy section */
		0B8C66CE96BFBD6584B0159B /* PBXContainerItemProxy */ = {
			isa = PBXContainerItemProxy;
			containerPortal = 2C29361A382315565B1DE7BF /* Project object */;
			proxyType = 1;
			remoteGlobalIDString = 1FB5617C31BE25701E8C7ACD;
			remoteInfo = ToDay;
		};
/* End PBXContainerItemProxy section */

/* Begin PBXFileReference section */
		00324953E959CF42B072A7FC /* UnfoldApp.swift */ = {isa = PBXFileReference; lastKnownFileType = sourcecode.swift; path = UnfoldApp.swift; sourceTree = "<group>"; };
		037508DDAD551D2D5F74DE83 /* ToDayTests.xctest */ = {isa = PBXFileReference; includeInIndex = 0; lastKnownFileType = wrapper.cfbundle; path = ToDayTests.xctest; sourceTree = BUILT_PRODUCTS_DIR; };
		039A704E1AD966C5EA2F733B /* MotionCollector.swift */ = {isa = PBXFileReference; lastKnownFileType = sourcecode.swift; path = MotionCollector.swift; sourceTree = "<group>"; };
		05A61345F7366DF2B6CA4DC3 /* EchoMessageEntity.swift */ = {isa = PBXFileReference; lastKnownFileType = sourcecode.swift; path = EchoMessageEntity.swift; sourceTree = "<group>"; };
		070F5BF3939F38CE2BA8AF7E /* EchoNotificationScheduling.swift */ = {isa = PBXFileReference; lastKnownFileType = sourcecode.swift; path = EchoNotificationScheduling.swift; sourceTree = "<group>"; };
		0ADA6FE1B233ABDFF706CA08 /* EchoMessageListNavigationTests.swift */ = {isa = PBXFileReference; lastKnownFileType = sourcecode.swift; path = EchoMessageListNavigationTests.swift; sourceTree = "<group>"; };
		0C96E2DCDAC54DA106C2D81A /* Assets.xcassets */ = {isa = PBXFileReference; lastKnownFileType = folder.assetcatalog; path = Assets.xcassets; sourceTree = "<group>"; };
		0FE2EF155E1C18E24C5D11D1 /* MockTimelineDataProvider.swift */ = {isa = PBXFileReference; lastKnownFileType = sourcecode.swift; path = MockTimelineDataProvider.swift; sourceTree = "<group>"; };
		10B1951ADAED95F5F9B388B2 /* EchoSchedulerTests.swift */ = {isa = PBXFileReference; lastKnownFileType = sourcecode.swift; path = EchoSchedulerTests.swift; sourceTree = "<group>"; };
		130826F080B6224CDBDB4D36 /* Theme.swift */ = {isa = PBXFileReference; lastKnownFileType = sourcecode.swift; path = Theme.swift; sourceTree = "<group>"; };
		133A14B66E9CA697B58313CB /* CustomMoodEntity.swift */ = {isa = PBXFileReference; lastKnownFileType = sourcecode.swift; path = CustomMoodEntity.swift; sourceTree = "<group>"; };
		172D352B93A287AC813F9606 /* RootView.swift */ = {isa = PBXFileReference; lastKnownFileType = sourcecode.swift; path = RootView.swift; sourceTree = "<group>"; };
		193E7480FCC24BAD0368A991 /* EchoAIServiceTests.swift */ = {isa = PBXFileReference; lastKnownFileType = sourcecode.swift; path = EchoAIServiceTests.swift; sourceTree = "<group>"; };
		19F6F718AF60064D8B59E602 /* NewEventKindTests.swift */ = {isa = PBXFileReference; lastKnownFileType = sourcecode.swift; path = NewEventKindTests.swift; sourceTree = "<group>"; };
		1B12ADD36D97D353B3D887DD /* OnboardingViewTests.swift */ = {isa = PBXFileReference; lastKnownFileType = sourcecode.swift; path = OnboardingViewTests.swift; sourceTree = "<group>"; };
		1C92A08D0EAA6E0268F8BF95 /* PatternDetectionEngine.swift */ = {isa = PBXFileReference; lastKnownFileType = sourcecode.swift; path = PatternDetectionEngine.swift; sourceTree = "<group>"; };
		1F90D7BD80D380B9E483FF65 /* EchoDailySummaryGeneratorTests.swift */ = {isa = PBXFileReference; lastKnownFileType = sourcecode.swift; path = EchoDailySummaryGeneratorTests.swift; sourceTree = "<group>"; };
		1FEC7FAC9DA97A938455A2C5 /* EchoMemoryManagerTests.swift */ = {isa = PBXFileReference; lastKnownFileType = sourcecode.swift; path = EchoMemoryManagerTests.swift; sourceTree = "<group>"; };
		20B7C51F662EC14C9F7E96DC /* MotionCollectorTests.swift */ = {isa = PBXFileReference; lastKnownFileType = sourcecode.swift; path = MotionCollectorTests.swift; sourceTree = "<group>"; };
		25E947A917714BEAF2DC6239 /* SensorTypes.swift */ = {isa = PBXFileReference; lastKnownFileType = sourcecode.swift; path = SensorTypes.swift; sourceTree = "<group>"; };
		2728704A9DC9BFD29457EC71 /* EchoScheduler.swift */ = {isa = PBXFileReference; lastKnownFileType = sourcecode.swift; path = EchoScheduler.swift; sourceTree = "<group>"; };
		28FA8B03857B7C0FBA121B67 /* SharedDataTypes.swift */ = {isa = PBXFileReference; lastKnownFileType = sourcecode.swift; path = SharedDataTypes.swift; sourceTree = "<group>"; };
		2C552B16ADC952C8292BD75C /* EchoEngineTests.swift */ = {isa = PBXFileReference; lastKnownFileType = sourcecode.swift; path = EchoEngineTests.swift; sourceTree = "<group>"; };
		2C7EEEA30452F0F69063060F /* AnnotationStore.swift */ = {isa = PBXFileReference; lastKnownFileType = sourcecode.swift; path = AnnotationStore.swift; sourceTree = "<group>"; };
		2FA08C355B9422FEFC1D950A /* QuickRecordSheet.swift */ = {isa = PBXFileReference; lastKnownFileType = sourcecode.swift; path = QuickRecordSheet.swift; sourceTree = "<group>"; };
		3373AE9894FB26E97C58C1FA /* PedometerCollectorTests.swift */ = {isa = PBXFileReference; lastKnownFileType = sourcecode.swift; path = PedometerCollectorTests.swift; sourceTree = "<group>"; };
		377615C5249C10E358F73636 /* Preview Assets.xcassets */ = {isa = PBXFileReference; lastKnownFileType = folder.assetcatalog; path = "Preview Assets.xcassets"; sourceTree = "<group>"; };
		3C2B564C4E128F7FFAAF4CE4 /* SensorDataStoreTests.swift */ = {isa = PBXFileReference; lastKnownFileType = sourcecode.swift; path = SensorDataStoreTests.swift; sourceTree = "<group>"; };
		3DF36EFDDCA82F9755D1A41B /* PhoneInferenceEngine.swift */ = {isa = PBXFileReference; lastKnownFileType = sourcecode.swift; path = PhoneInferenceEngine.swift; sourceTree = "<group>"; };
		3E53E00BCF5527A4FE8FD775 /* MoodRecordStoring.swift */ = {isa = PBXFileReference; lastKnownFileType = sourcecode.swift; path = MoodRecordStoring.swift; sourceTree = "<group>"; };
		3F769FB96C82A08275CF5355 /* EchoPromptBuilder.swift */ = {isa = PBXFileReference; lastKnownFileType = sourcecode.swift; path = EchoPromptBuilder.swift; sourceTree = "<group>"; };
		44311ECA1B0B67F057B402DF /* SensorDataStore.swift */ = {isa = PBXFileReference; lastKnownFileType = sourcecode.swift; path = SensorDataStore.swift; sourceTree = "<group>"; };
		4ACD2CFDAA30430FC8EBEEE2 /* MoodRecordManager.swift */ = {isa = PBXFileReference; lastKnownFileType = sourcecode.swift; path = MoodRecordManager.swift; sourceTree = "<group>"; };
		517D081EC92833825D6C1658 /* MoodRecordEntity.swift */ = {isa = PBXFileReference; lastKnownFileType = sourcecode.swift; path = MoodRecordEntity.swift; sourceTree = "<group>"; };
		5747760BE406B15979C4D0D9 /* CurrentEventSnapshot.swift */ = {isa = PBXFileReference; lastKnownFileType = sourcecode.swift; path = CurrentEventSnapshot.swift; sourceTree = "<group>"; };
		5889FB3C32316885ECA4BBBD /* DayScrollView.swift */ = {isa = PBXFileReference; lastKnownFileType = sourcecode.swift; path = DayScrollView.swift; sourceTree = "<group>"; };
		5990A8C0CD443E744B0EC3E1 /* ShutterMediaLibraryTests.swift */ = {isa = PBXFileReference; lastKnownFileType = sourcecode.swift; path = ShutterMediaLibraryTests.swift; sourceTree = "<group>"; };
		5B031A85AEE6E0F90458750E /* InferredEvent+Display.swift */ = {isa = PBXFileReference; lastKnownFileType = sourcecode.swift; path = "InferredEvent+Display.swift"; sourceTree = "<group>"; };
		5E258117E152599425A9867A /* TodayViewModel.swift */ = {isa = PBXFileReference; lastKnownFileType = sourcecode.swift; path = TodayViewModel.swift; sourceTree = "<group>"; };
		6165F7DB61F4FDBCC4A2E604 /* PatternDetectionEngineTests.swift */ = {isa = PBXFileReference; lastKnownFileType = sourcecode.swift; path = PatternDetectionEngineTests.swift; sourceTree = "<group>"; };
		657E7CB2585EACE47FFE1613 /* EchoMessageManagerTests.swift */ = {isa = PBXFileReference; lastKnownFileType = sourcecode.swift; path = EchoMessageManagerTests.swift; sourceTree = "<group>"; };
		6B907BCCAD9C4524D3CAAC6F /* DayScrollViewTests.swift */ = {isa = PBXFileReference; lastKnownFileType = sourcecode.swift; path = DayScrollViewTests.swift; sourceTree = "<group>"; };
		6B917ECDF78E99FB0636A58B /* MoodRecord+Timeline.swift */ = {isa = PBXFileReference; lastKnownFileType = sourcecode.swift; path = "MoodRecord+Timeline.swift"; sourceTree = "<group>"; };
		72FA29C77F8847333AECE124 /* EchoMemoryEntities.swift */ = {isa = PBXFileReference; lastKnownFileType = sourcecode.swift; path = EchoMemoryEntities.swift; sourceTree = "<group>"; };
		7402A37E4AF7DC579A7FAA8E /* EchoPromptBuilderTests.swift */ = {isa = PBXFileReference; lastKnownFileType = sourcecode.swift; path = EchoPromptBuilderTests.swift; sourceTree = "<group>"; };
		74D702EFABB721E12BCEE68F /* ShutterRecord.swift */ = {isa = PBXFileReference; lastKnownFileType = sourcecode.swift; path = ShutterRecord.swift; sourceTree = "<group>"; };
		7A816801F7436E09273B2A9E /* ShutterRecordStoreTests.swift */ = {isa = PBXFileReference; lastKnownFileType = sourcecode.swift; path = ShutterRecordStoreTests.swift; sourceTree = "<group>"; };
		7D72C488C5C21014C1FAB59A /* TimelineDataProviding.swift */ = {isa = PBXFileReference; lastKnownFileType = sourcecode.swift; path = TimelineDataProviding.swift; sourceTree = "<group>"; };
		7FF1B505498DE678D74F9FB8 /* SwiftDataMoodRecordStoreTests.swift */ = {isa = PBXFileReference; lastKnownFileType = sourcecode.swift; path = SwiftDataMoodRecordStoreTests.swift; sourceTree = "<group>"; };
		83A5638C51B33BBE792F5AE6 /* MockEventInferenceEngine.swift */ = {isa = PBXFileReference; lastKnownFileType = sourcecode.swift; path = MockEventInferenceEngine.swift; sourceTree = "<group>"; };
		8545B37A46F57EE3F504D932 /* EchoRelevanceScorerTests.swift */ = {isa = PBXFileReference; lastKnownFileType = sourcecode.swift; path = EchoRelevanceScorerTests.swift; sourceTree = "<group>"; };
		858B86D76A9DD048BF71A74A /* EchoMessageStoring.swift */ = {isa = PBXFileReference; lastKnownFileType = sourcecode.swift; path = EchoMessageStoring.swift; sourceTree = "<group>"; };
		8E03D158917689D7BBB4E737 /* ContentCard.swift */ = {isa = PBXFileReference; lastKnownFileType = sourcecode.swift; path = ContentCard.swift; sourceTree = "<group>"; };
		96BAF0F4225EA2D346A16029 /* ShutterRecordStoring.swift */ = {isa = PBXFileReference; lastKnownFileType = sourcecode.swift; path = ShutterRecordStoring.swift; sourceTree = "<group>"; };
		973D706F71538DC634FB67A0 /* OnboardingView.swift */ = {isa = PBXFileReference; lastKnownFileType = sourcecode.swift; path = OnboardingView.swift; sourceTree = "<group>"; };
		9817F02122CC8D53A1DB307D /* EchoMessageStoreTests.swift */ = {isa = PBXFileReference; lastKnownFileType = sourcecode.swift; path = EchoMessageStoreTests.swift; sourceTree = "<group>"; };
		991D2E141791CD4CB4696002 /* EchoDailySummaryGenerator.swift */ = {isa = PBXFileReference; lastKnownFileType = sourcecode.swift; path = EchoDailySummaryGenerator.swift; sourceTree = "<group>"; };
		9B1E5C267AE66C855A6C07B1 /* Info.plist */ = {isa = PBXFileReference; lastKnownFileType = text.plist; path = Info.plist; sourceTree = "<group>"; };
		A85359B05BB8B7D012EB8DB8 /* EchoMessage.swift */ = {isa = PBXFileReference; lastKnownFileType = sourcecode.swift; path = EchoMessage.swift; sourceTree = "<group>"; };
		AD8F9694BC13B76959CA8639 /* ToDay.entitlements */ = {isa = PBXFileReference; lastKnownFileType = text.plist.entitlements; path = ToDay.entitlements; sourceTree = "<group>"; };
		AEC64CECC175AC21CE8B9ACC /* EchoMemoryManager.swift */ = {isa = PBXFileReference; lastKnownFileType = sourcecode.swift; path = EchoMemoryManager.swift; sourceTree = "<group>"; };
		AEDA481460C51058C7DB4FE2 /* PedometerCollector.swift */ = {isa = PBXFileReference; lastKnownFileType = sourcecode.swift; path = PedometerCollector.swift; sourceTree = "<group>"; };
		B200FA9169D89E482820B450 /* LocationCollectorTests.swift */ = {isa = PBXFileReference; lastKnownFileType = sourcecode.swift; path = LocationCollectorTests.swift; sourceTree = "<group>"; };
		B573647C11F29547B19D3F58 /* ShutterMediaLibrary.swift */ = {isa = PBXFileReference; lastKnownFileType = sourcecode.swift; path = ShutterMediaLibrary.swift; sourceTree = "<group>"; };
		B585761B8625E14B1B08A4E1 /* PlaceManager.swift */ = {isa = PBXFileReference; lastKnownFileType = sourcecode.swift; path = PlaceManager.swift; sourceTree = "<group>"; };
		B6F7A5532B5F431CBE77A871 /* ShutterRecordEntity.swift */ = {isa = PBXFileReference; lastKnownFileType = sourcecode.swift; path = ShutterRecordEntity.swift; sourceTree = "<group>"; };
		B728810C7D8A828956EBCC1A /* ShutterManager.swift */ = {isa = PBXFileReference; lastKnownFileType = sourcecode.swift; path = ShutterManager.swift; sourceTree = "<group>"; };
		B841AA3458BDB1107651FED3 /* SensorTypesTests.swift */ = {isa = PBXFileReference; lastKnownFileType = sourcecode.swift; path = SensorTypesTests.swift; sourceTree = "<group>"; };
		B966BAB4E0499F555A2D3115 /* EchoAIProviding.swift */ = {isa = PBXFileReference; lastKnownFileType = sourcecode.swift; path = EchoAIProviding.swift; sourceTree = "<group>"; };
		BA58D34BC15E87A86C0531D2 /* SettingsView.swift */ = {isa = PBXFileReference; lastKnownFileType = sourcecode.swift; path = SettingsView.swift; sourceTree = "<group>"; };
		BB963E6AE239CB001EA533A1 /* EchoChatSessionTests.swift */ = {isa = PBXFileReference; lastKnownFileType = sourcecode.swift; path = EchoChatSessionTests.swift; sourceTree = "<group>"; };
		BBFA94CCF4D730B27A3ADECE /* PhoneInferenceEngineTests.swift */ = {isa = PBXFileReference; lastKnownFileType = sourcecode.swift; path = PhoneInferenceEngineTests.swift; sourceTree = "<group>"; };
		BCF883384B93C9EE573AAA35 /* EchoChatSession.swift */ = {isa = PBXFileReference; lastKnownFileType = sourcecode.swift; path = EchoChatSession.swift; sourceTree = "<group>"; };
		C300C973775E007521F18167 /* CurrentActivityProvider.swift */ = {isa = PBXFileReference; lastKnownFileType = sourcecode.swift; path = CurrentActivityProvider.swift; sourceTree = "<group>"; };
		C51DF4C9EE831D490171EE33 /* TodayScreen.swift */ = {isa = PBXFileReference; lastKnownFileType = sourcecode.swift; path = TodayScreen.swift; sourceTree = "<group>"; };
		CDA1FC9F14C4C9223D6E750E /* PlaceManagerTests.swift */ = {isa = PBXFileReference; lastKnownFileType = sourcecode.swift; path = PlaceManagerTests.swift; sourceTree = "<group>"; };
		D154A43EC2A1E5AA9BB3E6EF /* DeviceStateCollector.swift */ = {isa = PBXFileReference; lastKnownFileType = sourcecode.swift; path = DeviceStateCollector.swift; sourceTree = "<group>"; };
		D273A8E459B1BBB83027539B /* ToDay.app */ = {isa = PBXFileReference; includeInIndex = 0; lastKnownFileType = wrapper.application; path = ToDay.app; sourceTree = BUILT_PRODUCTS_DIR; };
		D5161D7C3300BF68A09C56F8 /* EchoMessageManager.swift */ = {isa = PBXFileReference; lastKnownFileType = sourcecode.swift; path = EchoMessageManager.swift; sourceTree = "<group>"; };
		D52F65A4774BB7467BD2DBC1 /* BackgroundTaskManager.swift */ = {isa = PBXFileReference; lastKnownFileType = sourcecode.swift; path = BackgroundTaskManager.swift; sourceTree = "<group>"; };
		D5E3EC90284C88262A943A15 /* TodayInsightComposerTests.swift */ = {isa = PBXFileReference; lastKnownFileType = sourcecode.swift; path = TodayInsightComposerTests.swift; sourceTree = "<group>"; };
		D796A8133E65C0F7E468E8AB /* MoodRecord.swift */ = {isa = PBXFileReference; lastKnownFileType = sourcecode.swift; path = MoodRecord.swift; sourceTree = "<group>"; };
		DD8682A65FCDD7B5B3365527 /* DeviceStateCollectorTests.swift */ = {isa = PBXFileReference; lastKnownFileType = sourcecode.swift; path = DeviceStateCollectorTests.swift; sourceTree = "<group>"; };
		E0B2EE8138EE16EC7078C00E /* LocationCollector.swift */ = {isa = PBXFileReference; lastKnownFileType = sourcecode.swift; path = LocationCollector.swift; sourceTree = "<group>"; };
		E3255BECBDB1CE6697C05720 /* ShutterManagerTests.swift */ = {isa = PBXFileReference; lastKnownFileType = sourcecode.swift; path = ShutterManagerTests.swift; sourceTree = "<group>"; };
		E4DB4C737FAE60B464E96010 /* EventCardView.swift */ = {isa = PBXFileReference; lastKnownFileType = sourcecode.swift; path = EventCardView.swift; sourceTree = "<group>"; };
		E551233BEC618D5CE02A0445 /* EchoChatViewModelTests.swift */ = {isa = PBXFileReference; lastKnownFileType = sourcecode.swift; path = EchoChatViewModelTests.swift; sourceTree = "<group>"; };
		E55BD79449543E2EDA158B48 /* SensorCollecting.swift */ = {isa = PBXFileReference; lastKnownFileType = sourcecode.swift; path = SensorCollecting.swift; sourceTree = "<group>"; };
		E7BB74516D89AD97D04F81B3 /* AppContainer.swift */ = {isa = PBXFileReference; lastKnownFileType = sourcecode.swift; path = AppContainer.swift; sourceTree = "<group>"; };
		EC30A2EF1BDEF9E4698A8AE4 /* HealthKitCollector.swift */ = {isa = PBXFileReference; lastKnownFileType = sourcecode.swift; path = HealthKitCollector.swift; sourceTree = "<group>"; };
		ED5E4D5563AC71A0747FEA41 /* DayTimelineEntity.swift */ = {isa = PBXFileReference; lastKnownFileType = sourcecode.swift; path = DayTimelineEntity.swift; sourceTree = "<group>"; };
		EE82260DB517A82DAD2783A3 /* EchoWeeklyProfileUpdater.swift */ = {isa = PBXFileReference; lastKnownFileType = sourcecode.swift; path = EchoWeeklyProfileUpdater.swift; sourceTree = "<group>"; };
		F4E8F6DA02ABE5F983DFB6F7 /* EchoAIService.swift */ = {isa = PBXFileReference; lastKnownFileType = sourcecode.swift; path = EchoAIService.swift; sourceTree = "<group>"; };
		F79F49220A3F6F99493D9E9D /* EchoItemStoreTests.swift */ = {isa = PBXFileReference; lastKnownFileType = sourcecode.swift; path = EchoItemStoreTests.swift; sourceTree = "<group>"; };
		F9F156F37B272E8665520A41 /* PhoneTimelineDataProvider.swift */ = {isa = PBXFileReference; lastKnownFileType = sourcecode.swift; path = PhoneTimelineDataProvider.swift; sourceTree = "<group>"; };
		FA0CD7C3B25332C37FAC3859 /* PhoneTimelineDataProviderTests.swift */ = {isa = PBXFileReference; lastKnownFileType = sourcecode.swift; path = PhoneTimelineDataProviderTests.swift; sourceTree = "<group>"; };
		FB415E05ECA0AC896968765F /* DeepSeekAIProvider.swift */ = {isa = PBXFileReference; lastKnownFileType = sourcecode.swift; path = DeepSeekAIProvider.swift; sourceTree = "<group>"; };
		FCFF1F5F9574B84A9B5B3ED9 /* TodayViewModelSessionTests.swift */ = {isa = PBXFileReference; lastKnownFileType = sourcecode.swift; path = TodayViewModelSessionTests.swift; sourceTree = "<group>"; };
		FDB4EF4DBF23B545C6736902 /* MoodPhotoAttachment.swift */ = {isa = PBXFileReference; lastKnownFileType = sourcecode.swift; path = MoodPhotoAttachment.swift; sourceTree = "<group>"; };
/* End PBXFileReference section */

/* Begin PBXGroup section */
		01BAB423F888B3D328A14A31 /* Products */ = {
			isa = PBXGroup;
			children = (
				D273A8E459B1BBB83027539B /* ToDay.app */,
				037508DDAD551D2D5F74DE83 /* ToDayTests.xctest */,
			);
			name = Products;
			sourceTree = "<group>";
		};
		1E117752257DE6D299F5305B /* Shared */ = {
			isa = PBXGroup;
			children = (
				5747760BE406B15979C4D0D9 /* CurrentEventSnapshot.swift */,
				A85359B05BB8B7D012EB8DB8 /* EchoMessage.swift */,
				070F5BF3939F38CE2BA8AF7E /* EchoNotificationScheduling.swift */,
				5B031A85AEE6E0F90458750E /* InferredEvent+Display.swift */,
				FDB4EF4DBF23B545C6736902 /* MoodPhotoAttachment.swift */,
				D796A8133E65C0F7E468E8AB /* MoodRecord.swift */,
				28FA8B03857B7C0FBA121B67 /* SharedDataTypes.swift */,
				B573647C11F29547B19D3F58 /* ShutterMediaLibrary.swift */,
				74D702EFABB721E12BCEE68F /* ShutterRecord.swift */,
			);
			path = Shared;
			sourceTree = "<group>";
		};
		4558B47175ED68C428686870 /* ToDay */ = {
			isa = PBXGroup;
			children = (
				9B1E5C267AE66C855A6C07B1 /* Info.plist */,
				AD8F9694BC13B76959CA8639 /* ToDay.entitlements */,
				A15EDE2DACC2DFF79867D932 /* App */,
				C98DBEA5ECE85D64479FEE31 /* Data */,
				CF3F707E90609841F9C16A07 /* Models */,
				78D735726A6B403CB84BFC41 /* Preview Content */,
				45EF8CC0BF7044E6FC3A7ED5 /* Resources */,
				1E117752257DE6D299F5305B /* Shared */,
				8BCFAEFEBE0A17B10DBA341A /* UI */,
			);
			path = ToDay;
			sourceTree = "<group>";
		};
		45EF8CC0BF7044E6FC3A7ED5 /* Resources */ = {
			isa = PBXGroup;
			children = (
				0C96E2DCDAC54DA106C2D81A /* Assets.xcassets */,
			);
			path = Resources;
			sourceTree = "<group>";
		};
		5143A545016C913C3892944F /* Components */ = {
			isa = PBXGroup;
			children = (
				8E03D158917689D7BBB4E737 /* ContentCard.swift */,
				2FA08C355B9422FEFC1D950A /* QuickRecordSheet.swift */,
			);
			path = Components;
			sourceTree = "<group>";
		};
		612FB2DB0ABDB477DFC00F7B /* Settings */ = {
			isa = PBXGroup;
			children = (
				BA58D34BC15E87A86C0531D2 /* SettingsView.swift */,
			);
			path = Settings;
			sourceTree = "<group>";
		};
		69129B3B9854812A22C0D389 /* AI */ = {
			isa = PBXGroup;
			children = (
				FB415E05ECA0AC896968765F /* DeepSeekAIProvider.swift */,
				B966BAB4E0499F555A2D3115 /* EchoAIProviding.swift */,
				F4E8F6DA02ABE5F983DFB6F7 /* EchoAIService.swift */,
				BCF883384B93C9EE573AAA35 /* EchoChatSession.swift */,
				991D2E141791CD4CB4696002 /* EchoDailySummaryGenerator.swift */,
				72FA29C77F8847333AECE124 /* EchoMemoryEntities.swift */,
				AEC64CECC175AC21CE8B9ACC /* EchoMemoryManager.swift */,
				D5161D7C3300BF68A09C56F8 /* EchoMessageManager.swift */,
				3F769FB96C82A08275CF5355 /* EchoPromptBuilder.swift */,
				2728704A9DC9BFD29457EC71 /* EchoScheduler.swift */,
				EE82260DB517A82DAD2783A3 /* EchoWeeklyProfileUpdater.swift */,
				1C92A08D0EAA6E0268F8BF95 /* PatternDetectionEngine.swift */,
			);
			path = AI;
			sourceTree = "<group>";
		};
		78D735726A6B403CB84BFC41 /* Preview Content */ = {
			isa = PBXGroup;
			children = (
				377615C5249C10E358F73636 /* Preview Assets.xcassets */,
			);
			path = "Preview Content";
			sourceTree = "<group>";
		};
		8BCFAEFEBE0A17B10DBA341A /* UI */ = {
			isa = PBXGroup;
			children = (
				172D352B93A287AC813F9606 /* RootView.swift */,
				130826F080B6224CDBDB4D36 /* Theme.swift */,
				5143A545016C913C3892944F /* Components */,
				F78F0779F1A24984EC3C0085 /* Onboarding */,
				612FB2DB0ABDB477DFC00F7B /* Settings */,
				E107185F48ED3385A92B5A77 /* Today */,
			);
			path = UI;
			sourceTree = "<group>";
		};
		A15EDE2DACC2DFF79867D932 /* App */ = {
			isa = PBXGroup;
			children = (
				E7BB74516D89AD97D04F81B3 /* AppContainer.swift */,
				00324953E959CF42B072A7FC /* UnfoldApp.swift */,
			);
			path = App;
			sourceTree = "<group>";
		};
		BDF9E53E8979EE3E9CB77A86 /* ToDayTests */ = {
			isa = PBXGroup;
			children = (
				6B907BCCAD9C4524D3CAAC6F /* DayScrollViewTests.swift */,
				DD8682A65FCDD7B5B3365527 /* DeviceStateCollectorTests.swift */,
				193E7480FCC24BAD0368A991 /* EchoAIServiceTests.swift */,
				BB963E6AE239CB001EA533A1 /* EchoChatSessionTests.swift */,
				E551233BEC618D5CE02A0445 /* EchoChatViewModelTests.swift */,
				1F90D7BD80D380B9E483FF65 /* EchoDailySummaryGeneratorTests.swift */,
				2C552B16ADC952C8292BD75C /* EchoEngineTests.swift */,
				F79F49220A3F6F99493D9E9D /* EchoItemStoreTests.swift */,
				1FEC7FAC9DA97A938455A2C5 /* EchoMemoryManagerTests.swift */,
				0ADA6FE1B233ABDFF706CA08 /* EchoMessageListNavigationTests.swift */,
				657E7CB2585EACE47FFE1613 /* EchoMessageManagerTests.swift */,
				9817F02122CC8D53A1DB307D /* EchoMessageStoreTests.swift */,
				7402A37E4AF7DC579A7FAA8E /* EchoPromptBuilderTests.swift */,
				8545B37A46F57EE3F504D932 /* EchoRelevanceScorerTests.swift */,
				10B1951ADAED95F5F9B388B2 /* EchoSchedulerTests.swift */,
				B200FA9169D89E482820B450 /* LocationCollectorTests.swift */,
				20B7C51F662EC14C9F7E96DC /* MotionCollectorTests.swift */,
				19F6F718AF60064D8B59E602 /* NewEventKindTests.swift */,
				1B12ADD36D97D353B3D887DD /* OnboardingViewTests.swift */,
				6165F7DB61F4FDBCC4A2E604 /* PatternDetectionEngineTests.swift */,
				3373AE9894FB26E97C58C1FA /* PedometerCollectorTests.swift */,
				BBFA94CCF4D730B27A3ADECE /* PhoneInferenceEngineTests.swift */,
				FA0CD7C3B25332C37FAC3859 /* PhoneTimelineDataProviderTests.swift */,
				CDA1FC9F14C4C9223D6E750E /* PlaceManagerTests.swift */,
				3C2B564C4E128F7FFAAF4CE4 /* SensorDataStoreTests.swift */,
				B841AA3458BDB1107651FED3 /* SensorTypesTests.swift */,
				E3255BECBDB1CE6697C05720 /* ShutterManagerTests.swift */,
				5990A8C0CD443E744B0EC3E1 /* ShutterMediaLibraryTests.swift */,
				7A816801F7436E09273B2A9E /* ShutterRecordStoreTests.swift */,
				7FF1B505498DE678D74F9FB8 /* SwiftDataMoodRecordStoreTests.swift */,
				D5E3EC90284C88262A943A15 /* TodayInsightComposerTests.swift */,
				FCFF1F5F9574B84A9B5B3ED9 /* TodayViewModelSessionTests.swift */,
			);
			path = ToDayTests;
			sourceTree = "<group>";
		};
		C293996C7402D3670B7127E0 /* Sensors */ = {
			isa = PBXGroup;
			children = (
				C300C973775E007521F18167 /* CurrentActivityProvider.swift */,
				D154A43EC2A1E5AA9BB3E6EF /* DeviceStateCollector.swift */,
				EC30A2EF1BDEF9E4698A8AE4 /* HealthKitCollector.swift */,
				E0B2EE8138EE16EC7078C00E /* LocationCollector.swift */,
				039A704E1AD966C5EA2F733B /* MotionCollector.swift */,
				AEDA481460C51058C7DB4FE2 /* PedometerCollector.swift */,
				3DF36EFDDCA82F9755D1A41B /* PhoneInferenceEngine.swift */,
				F9F156F37B272E8665520A41 /* PhoneTimelineDataProvider.swift */,
				B585761B8625E14B1B08A4E1 /* PlaceManager.swift */,
				E55BD79449543E2EDA158B48 /* SensorCollecting.swift */,
				44311ECA1B0B67F057B402DF /* SensorDataStore.swift */,
				25E947A917714BEAF2DC6239 /* SensorTypes.swift */,
			);
			path = Sensors;
			sourceTree = "<group>";
		};
		C98DBEA5ECE85D64479FEE31 /* Data */ = {
			isa = PBXGroup;
			children = (
				2C7EEEA30452F0F69063060F /* AnnotationStore.swift */,
				D52F65A4774BB7467BD2DBC1 /* BackgroundTaskManager.swift */,
				133A14B66E9CA697B58313CB /* CustomMoodEntity.swift */,
				ED5E4D5563AC71A0747FEA41 /* DayTimelineEntity.swift */,
				05A61345F7366DF2B6CA4DC3 /* EchoMessageEntity.swift */,
				858B86D76A9DD048BF71A74A /* EchoMessageStoring.swift */,
				83A5638C51B33BBE792F5AE6 /* MockEventInferenceEngine.swift */,
				0FE2EF155E1C18E24C5D11D1 /* MockTimelineDataProvider.swift */,
				517D081EC92833825D6C1658 /* MoodRecordEntity.swift */,
				4ACD2CFDAA30430FC8EBEEE2 /* MoodRecordManager.swift */,
				3E53E00BCF5527A4FE8FD775 /* MoodRecordStoring.swift */,
				B728810C7D8A828956EBCC1A /* ShutterManager.swift */,
				B6F7A5532B5F431CBE77A871 /* ShutterRecordEntity.swift */,
				96BAF0F4225EA2D346A16029 /* ShutterRecordStoring.swift */,
				7D72C488C5C21014C1FAB59A /* TimelineDataProviding.swift */,
				69129B3B9854812A22C0D389 /* AI */,
				C293996C7402D3670B7127E0 /* Sensors */,
			);
			path = Data;
			sourceTree = "<group>";
		};
		CF3F707E90609841F9C16A07 /* Models */ = {
			isa = PBXGroup;
			children = (
				6B917ECDF78E99FB0636A58B /* MoodRecord+Timeline.swift */,
			);
			path = Models;
			sourceTree = "<group>";
		};
		E107185F48ED3385A92B5A77 /* Today */ = {
			isa = PBXGroup;
			children = (
				5889FB3C32316885ECA4BBBD /* DayScrollView.swift */,
				E4DB4C737FAE60B464E96010 /* EventCardView.swift */,
				C51DF4C9EE831D490171EE33 /* TodayScreen.swift */,
				5E258117E152599425A9867A /* TodayViewModel.swift */,
			);
			path = Today;
			sourceTree = "<group>";
		};
		F78F0779F1A24984EC3C0085 /* Onboarding */ = {
			isa = PBXGroup;
			children = (
				973D706F71538DC634FB67A0 /* OnboardingView.swift */,
			);
			path = Onboarding;
			sourceTree = "<group>";
		};
		FB6C6E7EC73BA6A0A179A73B = {
			isa = PBXGroup;
			children = (
				4558B47175ED68C428686870 /* ToDay */,
				BDF9E53E8979EE3E9CB77A86 /* ToDayTests */,
				01BAB423F888B3D328A14A31 /* Products */,
			);
			sourceTree = "<group>";
		};
/* End PBXGroup section */

/* Begin PBXNativeTarget section */
		1FB5617C31BE25701E8C7ACD /* ToDay */ = {
			isa = PBXNativeTarget;
			buildConfigurationList = 74BE9C562F11CD35528AF65E /* Build configuration list for PBXNativeTarget "ToDay" */;
			buildPhases = (
				0E45D6EFA7FAF1A88A38ED52 /* Sources */,
				DECA2DB299C974DCCF9A25AD /* Resources */,
			);
			buildRules = (
			);
			dependencies = (
			);
			name = ToDay;
			packageProductDependencies = (
			);
			productName = ToDay;
			productReference = D273A8E459B1BBB83027539B /* ToDay.app */;
			productType = "com.apple.product-type.application";
		};
		94E86223F7A3FEAECFA25695 /* ToDayTests */ = {
			isa = PBXNativeTarget;
			buildConfigurationList = 8728FF9039559910B467D8C3 /* Build configuration list for PBXNativeTarget "ToDayTests" */;
			buildPhases = (
				5E0BB6B11E524E4D75D04154 /* Sources */,
			);
			buildRules = (
			);
			dependencies = (
				120D701047729D019B9FF7E2 /* PBXTargetDependency */,
			);
			name = ToDayTests;
			packageProductDependencies = (
			);
			productName = ToDayTests;
			productReference = 037508DDAD551D2D5F74DE83 /* ToDayTests.xctest */;
			productType = "com.apple.product-type.bundle.unit-test";
		};
/* End PBXNativeTarget section */

/* Begin PBXProject section */
		2C29361A382315565B1DE7BF /* Project object */ = {
			isa = PBXProject;
			attributes = {
				BuildIndependentTargetsInParallel = YES;
				LastUpgradeCheck = 1430;
				TargetAttributes = {
					1FB5617C31BE25701E8C7ACD = {
						DevelopmentTeam = G89F57S8M3;
						ProvisioningStyle = Automatic;
					};
					94E86223F7A3FEAECFA25695 = {
						DevelopmentTeam = G89F57S8M3;
						ProvisioningStyle = Automatic;
					};
				};
			};
			buildConfigurationList = 5B214007FA30E3EB354D30D9 /* Build configuration list for PBXProject "ToDay" */;
			developmentRegion = en;
			hasScannedForEncodings = 0;
			knownRegions = (
				Base,
				en,
			);
			mainGroup = FB6C6E7EC73BA6A0A179A73B;
			minimizedProjectReferenceProxies = 1;
			preferredProjectObjectVersion = 77;
			productRefGroup = 01BAB423F888B3D328A14A31 /* Products */;
			projectDirPath = "";
			projectRoot = "";
			targets = (
				1FB5617C31BE25701E8C7ACD /* ToDay */,
				94E86223F7A3FEAECFA25695 /* ToDayTests */,
			);
		};
/* End PBXProject section */

/* Begin PBXResourcesBuildPhase section */
		DECA2DB299C974DCCF9A25AD /* Resources */ = {
			isa = PBXResourcesBuildPhase;
			buildActionMask = 2147483647;
			files = (
				DE297B083A85A47DD13DE450 /* Assets.xcassets in Resources */,
				C8D4B957327922E04DBD7578 /* Preview Assets.xcassets in Resources */,
			);
			runOnlyForDeploymentPostprocessing = 0;
		};
/* End PBXResourcesBuildPhase section */

/* Begin PBXSourcesBuildPhase section */
		0E45D6EFA7FAF1A88A38ED52 /* Sources */ = {
			isa = PBXSourcesBuildPhase;
			buildActionMask = 2147483647;
			files = (
				65870246322B8C5135768738 /* AnnotationStore.swift in Sources */,
				DD042D446979BF714A91C923 /* AppContainer.swift in Sources */,
				1F7639143D07656F69CCFBC1 /* BackgroundTaskManager.swift in Sources */,
				E48F82F641DA0CF7EFF04D44 /* ContentCard.swift in Sources */,
				1199B8E6F83FB892D6DA1CFD /* CurrentActivityProvider.swift in Sources */,
				F207BDA9340A4E488E75EE87 /* CurrentEventSnapshot.swift in Sources */,
				C788B6CCA454A039ECC6BB00 /* CustomMoodEntity.swift in Sources */,
				F9025DC1CEA7F0A6A8ED89B8 /* DayScrollView.swift in Sources */,
				42E9331811E33CBD40E88723 /* DayTimelineEntity.swift in Sources */,
				7F46E8837800E1A672CE8745 /* DeepSeekAIProvider.swift in Sources */,
				A1E57ADE6D59955BA91C69CA /* DeviceStateCollector.swift in Sources */,
				19DD8042A0DF81B441DEC5C5 /* EchoAIProviding.swift in Sources */,
				456895F66B5C6523BE9D2876 /* EchoAIService.swift in Sources */,
				ACB5952FC0F8CB92C245AD7F /* EchoChatSession.swift in Sources */,
				903BD1CF81B1FDCE489B66B4 /* EchoDailySummaryGenerator.swift in Sources */,
				3671BDB36ED0522EB78A2271 /* EchoMemoryEntities.swift in Sources */,
				34222B5821BAD509C86A292E /* EchoMemoryManager.swift in Sources */,
				FDAED2CD611752C27DCA5DA8 /* EchoMessage.swift in Sources */,
				C0DC99D502C57FEBBF8D2597 /* EchoMessageEntity.swift in Sources */,
				1F54F1665EFF3A74B53602AC /* EchoMessageManager.swift in Sources */,
				B1FE8264ADB9954A55A2426D /* EchoMessageStoring.swift in Sources */,
				B90977F82DF7DAB3E3E9CD90 /* EchoNotificationScheduling.swift in Sources */,
				1BA8987331616F3D33C462ED /* EchoPromptBuilder.swift in Sources */,
				06C254044BED71DB5D34587E /* EchoScheduler.swift in Sources */,
				AB5F6A399EE781C4F3B21BC6 /* EchoWeeklyProfileUpdater.swift in Sources */,
				DCA2CE7DAA37F9418BF5A054 /* EventCardView.swift in Sources */,
				E2ED475358AF93D1FE0D1556 /* HealthKitCollector.swift in Sources */,
				07613D9D1A30741E236617A6 /* InferredEvent+Display.swift in Sources */,
				BC27B6044A1FB59CCFBD9B6D /* LocationCollector.swift in Sources */,
				DE64DC4615173FA2064D2929 /* MockEventInferenceEngine.swift in Sources */,
				93C3B96072D6ECD7AB82943B /* MockTimelineDataProvider.swift in Sources */,
				791903BA738523437BE8EE81 /* MoodPhotoAttachment.swift in Sources */,
				FF5E4FB20D0B535F07B92382 /* MoodRecord+Timeline.swift in Sources */,
				EC421489F126891847F7CEFB /* MoodRecord.swift in Sources */,
				4E0E762B4D92B8C4703F24C0 /* MoodRecordEntity.swift in Sources */,
				B77D211F12FE7EBB9023B98B /* MoodRecordManager.swift in Sources */,
				AFB0264365F2546579D2F53A /* MoodRecordStoring.swift in Sources */,
				0D0BAB618A5319A16F329430 /* MotionCollector.swift in Sources */,
				E9CB5836BFEF2931498AEAEF /* OnboardingView.swift in Sources */,
				06446485AA69D29E91C2D52A /* PatternDetectionEngine.swift in Sources */,
				33743885E756668409BA8C53 /* PedometerCollector.swift in Sources */,
				D8F92239DBE3A3F5C42EF18F /* PhoneInferenceEngine.swift in Sources */,
				656215E5648898D4FDA75DCD /* PhoneTimelineDataProvider.swift in Sources */,
				8893776CB6689D8D24789DB3 /* PlaceManager.swift in Sources */,
				36266D4161AF2A2824D17B75 /* QuickRecordSheet.swift in Sources */,
				892925FB153C50F231631113 /* RootView.swift in Sources */,
				4489F5BA8EE15449F8F1C9DE /* SensorCollecting.swift in Sources */,
				D8510CF5171BA58672763DD4 /* SensorDataStore.swift in Sources */,
				19FF94F3CDD7EFFA1739D954 /* SensorTypes.swift in Sources */,
				5627864198690EAA20F5789A /* SettingsView.swift in Sources */,
				CE56C4D6613B3C81A22038C6 /* SharedDataTypes.swift in Sources */,
				DC87F570223C41ADCC36B0A5 /* ShutterManager.swift in Sources */,
				7CD30541A7172D41AA3CD2E7 /* ShutterMediaLibrary.swift in Sources */,
				81F58D2A98178A6CD0839A47 /* ShutterRecord.swift in Sources */,
				E7B379DD078FB929AC5EA79E /* ShutterRecordEntity.swift in Sources */,
				8EEF3BA4E94A5A74DF48F286 /* ShutterRecordStoring.swift in Sources */,
				B19C2DAC586E8E03D74020E7 /* Theme.swift in Sources */,
				D7DF86B1EC7D5D82B3201C1C /* TimelineDataProviding.swift in Sources */,
				573D2E2038EE84A0776BC0D5 /* TodayScreen.swift in Sources */,
				742AFD2A11F260BCB5FD6E62 /* TodayViewModel.swift in Sources */,
				60BE2430DB266E7E890E53AD /* UnfoldApp.swift in Sources */,
			);
			runOnlyForDeploymentPostprocessing = 0;
		};
		5E0BB6B11E524E4D75D04154 /* Sources */ = {
			isa = PBXSourcesBuildPhase;
			buildActionMask = 2147483647;
			files = (
				52830123F66707C10C29F71B /* DayScrollViewTests.swift in Sources */,
				2F9E1C73B23729E7CD0B5DAA /* DeviceStateCollectorTests.swift in Sources */,
				097A0AD5ABBA6532888B0793 /* EchoAIServiceTests.swift in Sources */,
				A06CED5605D3420D5B21617E /* EchoChatSessionTests.swift in Sources */,
				33D6B6D09CA5F463C426E765 /* EchoChatViewModelTests.swift in Sources */,
				374BB5B8024D43DEEB781C2D /* EchoDailySummaryGeneratorTests.swift in Sources */,
				6914C2521B42CB3E9C653E79 /* EchoEngineTests.swift in Sources */,
				FF1273843745BCAC8116E696 /* EchoItemStoreTests.swift in Sources */,
				C07D139F3CA70857CEFE0C05 /* EchoMemoryManagerTests.swift in Sources */,
				F68F07CC8452BAE0C1079C14 /* EchoMessageListNavigationTests.swift in Sources */,
				A6DC40FEE40A9E9F17E212CA /* EchoMessageManagerTests.swift in Sources */,
				77456618EA4515D492DA9DDA /* EchoMessageStoreTests.swift in Sources */,
				F1A0D8CA8CBDBFCA94149730 /* EchoPromptBuilderTests.swift in Sources */,
				DDBB21A1286194E2E9DFAB45 /* EchoRelevanceScorerTests.swift in Sources */,
				35B6EEA7284D7A468B0C45A4 /* EchoSchedulerTests.swift in Sources */,
				C73B5E5049C1FE5A70D5CF6F /* LocationCollectorTests.swift in Sources */,
				912B401A1F125E4E3745F5C6 /* MotionCollectorTests.swift in Sources */,
				59A62671AC37416B6921E436 /* NewEventKindTests.swift in Sources */,
				3DB938748A08ECE8E68EDB47 /* OnboardingViewTests.swift in Sources */,
				BA7F13DE7B02A10E1D6F1435 /* PatternDetectionEngineTests.swift in Sources */,
				5AE1B8C4C97B3FDD1AC06675 /* PedometerCollectorTests.swift in Sources */,
				6632D141410E33E7CE3039C4 /* PhoneInferenceEngineTests.swift in Sources */,
				4D23057BD49E8F3BF5B43BF4 /* PhoneTimelineDataProviderTests.swift in Sources */,
				9EC13DEF66B0044C185F34E6 /* PlaceManagerTests.swift in Sources */,
				6B9F1A79530FF8267B634B8C /* SensorDataStoreTests.swift in Sources */,
				50D54D3F7E2914EB1CEC9C91 /* SensorTypesTests.swift in Sources */,
				E055C0A1B07899513D87408F /* ShutterManagerTests.swift in Sources */,
				1DDBA405D91C55C27B77C29E /* ShutterMediaLibraryTests.swift in Sources */,
				112A0BDA89B864C67193D620 /* ShutterRecordStoreTests.swift in Sources */,
				098D78BFE47A6A0C393D07B5 /* SwiftDataMoodRecordStoreTests.swift in Sources */,
				A05D3D71F23108D27807DA94 /* TodayInsightComposerTests.swift in Sources */,
				F15785C5CD541E8A984C1FEB /* TodayViewModelSessionTests.swift in Sources */,
			);
			runOnlyForDeploymentPostprocessing = 0;
		};
/* End PBXSourcesBuildPhase section */

/* Begin PBXTargetDependency section */
		120D701047729D019B9FF7E2 /* PBXTargetDependency */ = {
			isa = PBXTargetDependency;
			target = 1FB5617C31BE25701E8C7ACD /* ToDay */;
			targetProxy = 0B8C66CE96BFBD6584B0159B /* PBXContainerItemProxy */;
		};
/* End PBXTargetDependency section */

/* Begin XCBuildConfiguration section */
		3A23333C80BAD0A186C9634F /* Release */ = {
			isa = XCBuildConfiguration;
			buildSettings = {
				ASSETCATALOG_COMPILER_APPICON_NAME = AppIcon;
				CODE_SIGN_ENTITLEMENTS = ToDay/ToDay.entitlements;
				CODE_SIGN_IDENTITY = "iPhone Developer";
				DEVELOPMENT_ASSET_PATHS = "\"ToDay/Preview Content\"";
				ENABLE_PREVIEWS = YES;
				INFOPLIST_FILE = ToDay/Info.plist;
				INFOPLIST_KEY_LSApplicationCategoryType = "public.app-category.lifestyle";
				INFOPLIST_KEY_NSCameraUsageDescription = "Unfold uses the camera to capture photos and videos to quickly record moments. Media files are stored locally only.";
				INFOPLIST_KEY_NSHealthShareUsageDescription = "Unfold reads your motion, heart rate and sleep data to generate your daily life timeline. All data is stored locally.";
				INFOPLIST_KEY_NSHealthUpdateUsageDescription = "Unfold does not write any health data. This permission is only required to satisfy system requirements.";
				INFOPLIST_KEY_NSLocationAlwaysAndWhenInUseUsageDescription = "Unfold passively records your location visits throughout the day to build your life timeline automatically, even when the app is closed. Always authorization is required for background recording.";
				INFOPLIST_KEY_NSLocationWhenInUseUsageDescription = "Unfold uses your location to record places you visit and build your daily life timeline. Without location access, the timeline cannot be generated.";
				INFOPLIST_KEY_NSMicrophoneUsageDescription = "Unfold uses the microphone to record voice memos, helping you capture ideas with minimal effort. Recordings are stored locally only.";
				INFOPLIST_KEY_NSMotionUsageDescription = "Unfold uses motion activity to detect whether you are walking, running, or commuting, making your daily timeline more accurate and complete.";
				INFOPLIST_KEY_NSPhotoLibraryUsageDescription = "Unfold reads photos taken today and matches them to events on your timeline. Photos are never uploaded.";
				INFOPLIST_KEY_NSSpeechRecognitionUsageDescription = "Unfold uses speech recognition to transcribe your recordings into text for easy browsing on the timeline. Recognition happens on-device.";
				INFOPLIST_KEY_UIBackgroundModes = "fetch processing";
				INFOPLIST_KEY_UISupportedInterfaceOrientations = "UIInterfaceOrientationPortrait UIInterfaceOrientationPortraitUpsideDown UIInterfaceOrientationLandscapeLeft UIInterfaceOrientationLandscapeRight";
				IPHONEOS_DEPLOYMENT_TARGET = 17.0;
				ITSAppUsesNonExemptEncryption = NO;
				LD_RUNPATH_SEARCH_PATHS = (
					"$(inherited)",
					"@executable_path/Frameworks",
				);
				SDKROOT = iphoneos;
				TARGETED_DEVICE_FAMILY = "1,2";
			};
			name = Release;
		};
		4E7FF80832C20A2DDAADCA46 /* Release */ = {
			isa = XCBuildConfiguration;
			buildSettings = {
				BUNDLE_LOADER = "$(TEST_HOST)";
				GENERATE_INFOPLIST_FILE = YES;
				IPHONEOS_DEPLOYMENT_TARGET = 17.0;
				LD_RUNPATH_SEARCH_PATHS = (
					"$(inherited)",
					"@executable_path/Frameworks",
					"@loader_path/Frameworks",
				);
				PRODUCT_BUNDLE_IDENTIFIER = com.looanli.today.tests;
				PRODUCT_NAME = ToDayTests;
				SDKROOT = iphoneos;
				TARGETED_DEVICE_FAMILY = "1,2";
				TEST_HOST = "$(BUILT_PRODUCTS_DIR)/ToDay.app/ToDay";
			};
			name = Release;
		};
		75B542BB223BF07D88D0E640 /* Debug */ = {
			isa = XCBuildConfiguration;
			buildSettings = {
				BUNDLE_LOADER = "$(TEST_HOST)";
				GENERATE_INFOPLIST_FILE = YES;
				IPHONEOS_DEPLOYMENT_TARGET = 17.0;
				LD_RUNPATH_SEARCH_PATHS = (
					"$(inherited)",
					"@executable_path/Frameworks",
					"@loader_path/Frameworks",
				);
				PRODUCT_BUNDLE_IDENTIFIER = com.looanli.today.tests;
				PRODUCT_NAME = ToDayTests;
				SDKROOT = iphoneos;
				TARGETED_DEVICE_FAMILY = "1,2";
				TEST_HOST = "$(BUILT_PRODUCTS_DIR)/ToDay.app/ToDay";
			};
			name = Debug;
		};
		961A999475419741D0389615 /* Debug */ = {
			isa = XCBuildConfiguration;
			buildSettings = {
				ASSETCATALOG_COMPILER_APPICON_NAME = AppIcon;
				CODE_SIGN_ENTITLEMENTS = ToDay/ToDay.entitlements;
				CODE_SIGN_IDENTITY = "iPhone Developer";
				DEVELOPMENT_ASSET_PATHS = "\"ToDay/Preview Content\"";
				ENABLE_PREVIEWS = YES;
				INFOPLIST_FILE = ToDay/Info.plist;
				INFOPLIST_KEY_LSApplicationCategoryType = "public.app-category.lifestyle";
				INFOPLIST_KEY_NSCameraUsageDescription = "Unfold uses the camera to capture photos and videos to quickly record moments. Media files are stored locally only.";
				INFOPLIST_KEY_NSHealthShareUsageDescription = "Unfold reads your motion, heart rate and sleep data to generate your daily life timeline. All data is stored locally.";
				INFOPLIST_KEY_NSHealthUpdateUsageDescription = "Unfold does not write any health data. This permission is only required to satisfy system requirements.";
				INFOPLIST_KEY_NSLocationAlwaysAndWhenInUseUsageDescription = "Unfold passively records your location visits throughout the day to build your life timeline automatically, even when the app is closed. Always authorization is required for background recording.";
				INFOPLIST_KEY_NSLocationWhenInUseUsageDescription = "Unfold uses your location to record places you visit and build your daily life timeline. Without location access, the timeline cannot be generated.";
				INFOPLIST_KEY_NSMicrophoneUsageDescription = "Unfold uses the microphone to record voice memos, helping you capture ideas with minimal effort. Recordings are stored locally only.";
				INFOPLIST_KEY_NSMotionUsageDescription = "Unfold uses motion activity to detect whether you are walking, running, or commuting, making your daily timeline more accurate and complete.";
				INFOPLIST_KEY_NSPhotoLibraryUsageDescription = "Unfold reads photos taken today and matches them to events on your timeline. Photos are never uploaded.";
				INFOPLIST_KEY_NSSpeechRecognitionUsageDescription = "Unfold uses speech recognition to transcribe your recordings into text for easy browsing on the timeline. Recognition happens on-device.";
				INFOPLIST_KEY_UIBackgroundModes = "fetch processing";
				INFOPLIST_KEY_UISupportedInterfaceOrientations = "UIInterfaceOrientationPortrait UIInterfaceOrientationPortraitUpsideDown UIInterfaceOrientationLandscapeLeft UIInterfaceOrientationLandscapeRight";
				IPHONEOS_DEPLOYMENT_TARGET = 17.0;
				ITSAppUsesNonExemptEncryption = NO;
				LD_RUNPATH_SEARCH_PATHS = (
					"$(inherited)",
					"@executable_path/Frameworks",
				);
				SDKROOT = iphoneos;
				TARGETED_DEVICE_FAMILY = "1,2";
			};
			name = Debug;
		};
		C2B9416E73AF612052A74417 /* Debug */ = {
			isa = XCBuildConfiguration;
			buildSettings = {
				ALWAYS_SEARCH_USER_PATHS = NO;
				CLANG_ANALYZER_NONNULL = YES;
				CLANG_ANALYZER_NUMBER_OBJECT_CONVERSION = YES_AGGRESSIVE;
				CLANG_CXX_LANGUAGE_STANDARD = "gnu++14";
				CLANG_CXX_LIBRARY = "libc++";
				CLANG_ENABLE_MODULES = YES;
				CLANG_ENABLE_OBJC_ARC = YES;
				CLANG_ENABLE_OBJC_WEAK = YES;
				CLANG_WARN_BLOCK_CAPTURE_AUTORELEASING = YES;
				CLANG_WARN_BOOL_CONVERSION = YES;
				CLANG_WARN_COMMA = YES;
				CLANG_WARN_CONSTANT_CONVERSION = YES;
				CLANG_WARN_DEPRECATED_OBJC_IMPLEMENTATIONS = YES;
				CLANG_WARN_DIRECT_OBJC_ISA_USAGE = YES_ERROR;
				CLANG_WARN_DOCUMENTATION_COMMENTS = YES;
				CLANG_WARN_EMPTY_BODY = YES;
				CLANG_WARN_ENUM_CONVERSION = YES;
				CLANG_WARN_INFINITE_RECURSION = YES;
				CLANG_WARN_INT_CONVERSION = YES;
				CLANG_WARN_NON_LITERAL_NULL_CONVERSION = YES;
				CLANG_WARN_OBJC_IMPLICIT_RETAIN_SELF = YES;
				CLANG_WARN_OBJC_LITERAL_CONVERSION = YES;
				CLANG_WARN_OBJC_ROOT_CLASS = YES_ERROR;
				CLANG_WARN_QUOTED_INCLUDE_IN_FRAMEWORK_HEADER = YES;
				CLANG_WARN_RANGE_LOOP_ANALYSIS = YES;
				CLANG_WARN_STRICT_PROTOTYPES = YES;
				CLANG_WARN_SUSPICIOUS_MOVE = YES;
				CLANG_WARN_UNGUARDED_AVAILABILITY = YES_AGGRESSIVE;
				CLANG_WARN_UNREACHABLE_CODE = YES;
				CLANG_WARN__DUPLICATE_METHOD_MATCH = YES;
				CODE_SIGN_STYLE = Automatic;
				COPY_PHASE_STRIP = NO;
				CURRENT_PROJECT_VERSION = 2;
				DEBUG_INFORMATION_FORMAT = dwarf;
				DEVELOPMENT_TEAM = G89F57S8M3;
				ENABLE_STRICT_OBJC_MSGSEND = YES;
				ENABLE_TESTABILITY = YES;
				GCC_C_LANGUAGE_STANDARD = gnu11;
				GCC_DYNAMIC_NO_PIC = NO;
				GCC_NO_COMMON_BLOCKS = YES;
				GCC_OPTIMIZATION_LEVEL = 0;
				GCC_PREPROCESSOR_DEFINITIONS = (
					"$(inherited)",
					"DEBUG=1",
				);
				GCC_WARN_64_TO_32_BIT_CONVERSION = YES;
				GCC_WARN_ABOUT_RETURN_TYPE = YES_ERROR;
				GCC_WARN_UNDECLARED_SELECTOR = YES;
				GCC_WARN_UNINITIALIZED_AUTOS = YES_AGGRESSIVE;
				GCC_WARN_UNUSED_FUNCTION = YES;
				GCC_WARN_UNUSED_VARIABLE = YES;
				GENERATE_INFOPLIST_FILE = YES;
				INFOPLIST_KEY_CFBundleDisplayName = Unfold;
				INFOPLIST_KEY_UIApplicationSceneManifest_Generation = YES;
				INFOPLIST_KEY_UILaunchScreen_Generation = YES;
				MARKETING_VERSION = 1.0.0;
				MTL_ENABLE_DEBUG_INFO = INCLUDE_SOURCE;
				MTL_FAST_MATH = YES;
				ONLY_ACTIVE_ARCH = YES;
				PRODUCT_BUNDLE_IDENTIFIER = com.looanli.today;
				PRODUCT_NAME = ToDay;
				SDKROOT = iphoneos;
				SWIFT_ACTIVE_COMPILATION_CONDITIONS = DEBUG;
				SWIFT_OPTIMIZATION_LEVEL = "-Onone";
				SWIFT_VERSION = 5.0;
				TARGETED_DEVICE_FAMILY = 1;
			};
			name = Debug;
		};
		F5D49D0E54F332782B37B521 /* Release */ = {
			isa = XCBuildConfiguration;
			buildSettings = {
				ALWAYS_SEARCH_USER_PATHS = NO;
				CLANG_ANALYZER_NONNULL = YES;
				CLANG_ANALYZER_NUMBER_OBJECT_CONVERSION = YES_AGGRESSIVE;
				CLANG_CXX_LANGUAGE_STANDARD = "gnu++14";
				CLANG_CXX_LIBRARY = "libc++";
				CLANG_ENABLE_MODULES = YES;
				CLANG_ENABLE_OBJC_ARC = YES;
				CLANG_ENABLE_OBJC_WEAK = YES;
				CLANG_WARN_BLOCK_CAPTURE_AUTORELEASING = YES;
				CLANG_WARN_BOOL_CONVERSION = YES;
				CLANG_WARN_COMMA = YES;
				CLANG_WARN_CONSTANT_CONVERSION = YES;
				CLANG_WARN_DEPRECATED_OBJC_IMPLEMENTATIONS = YES;
				CLANG_WARN_DIRECT_OBJC_ISA_USAGE = YES_ERROR;
				CLANG_WARN_DOCUMENTATION_COMMENTS = YES;
				CLANG_WARN_EMPTY_BODY = YES;
				CLANG_WARN_ENUM_CONVERSION = YES;
				CLANG_WARN_INFINITE_RECURSION = YES;
				CLANG_WARN_INT_CONVERSION = YES;
				CLANG_WARN_NON_LITERAL_NULL_CONVERSION = YES;
				CLANG_WARN_OBJC_IMPLICIT_RETAIN_SELF = YES;
				CLANG_WARN_OBJC_LITERAL_CONVERSION = YES;
				CLANG_WARN_OBJC_ROOT_CLASS = YES_ERROR;
				CLANG_WARN_QUOTED_INCLUDE_IN_FRAMEWORK_HEADER = YES;
				CLANG_WARN_RANGE_LOOP_ANALYSIS = YES;
				CLANG_WARN_STRICT_PROTOTYPES = YES;
				CLANG_WARN_SUSPICIOUS_MOVE = YES;
				CLANG_WARN_UNGUARDED_AVAILABILITY = YES_AGGRESSIVE;
				CLANG_WARN_UNREACHABLE_CODE = YES;
				CLANG_WARN__DUPLICATE_METHOD_MATCH = YES;
				CODE_SIGN_STYLE = Automatic;
				COPY_PHASE_STRIP = NO;
				CURRENT_PROJECT_VERSION = 2;
				DEBUG_INFORMATION_FORMAT = "dwarf-with-dsym";
				DEVELOPMENT_TEAM = G89F57S8M3;
				ENABLE_NS_ASSERTIONS = NO;
				ENABLE_STRICT_OBJC_MSGSEND = YES;
				GCC_C_LANGUAGE_STANDARD = gnu11;
				GCC_NO_COMMON_BLOCKS = YES;
				GCC_WARN_64_TO_32_BIT_CONVERSION = YES;
				GCC_WARN_ABOUT_RETURN_TYPE = YES_ERROR;
				GCC_WARN_UNDECLARED_SELECTOR = YES;
				GCC_WARN_UNINITIALIZED_AUTOS = YES_AGGRESSIVE;
				GCC_WARN_UNUSED_FUNCTION = YES;
				GCC_WARN_UNUSED_VARIABLE = YES;
				GENERATE_INFOPLIST_FILE = YES;
				INFOPLIST_KEY_CFBundleDisplayName = Unfold;
				INFOPLIST_KEY_UIApplicationSceneManifest_Generation = YES;
				INFOPLIST_KEY_UILaunchScreen_Generation = YES;
				MARKETING_VERSION = 1.0.0;
				MTL_ENABLE_DEBUG_INFO = NO;
				MTL_FAST_MATH = YES;
				PRODUCT_BUNDLE_IDENTIFIER = com.looanli.today;
				PRODUCT_NAME = ToDay;
				SDKROOT = iphoneos;
				SWIFT_COMPILATION_MODE = wholemodule;
				SWIFT_OPTIMIZATION_LEVEL = "-O";
				SWIFT_VERSION = 5.0;
				TARGETED_DEVICE_FAMILY = 1;
			};
			name = Release;
		};
/* End XCBuildConfiguration section */

/* Begin XCConfigurationList section */
		5B214007FA30E3EB354D30D9 /* Build configuration list for PBXProject "ToDay" */ = {
			isa = XCConfigurationList;
			buildConfigurations = (
				C2B9416E73AF612052A74417 /* Debug */,
				F5D49D0E54F332782B37B521 /* Release */,
			);
			defaultConfigurationIsVisible = 0;
			defaultConfigurationName = Debug;
		};
		74BE9C562F11CD35528AF65E /* Build configuration list for PBXNativeTarget "ToDay" */ = {
			isa = XCConfigurationList;
			buildConfigurations = (
				961A999475419741D0389615 /* Debug */,
				3A23333C80BAD0A186C9634F /* Release */,
			);
			defaultConfigurationIsVisible = 0;
			defaultConfigurationName = Debug;
		};
		8728FF9039559910B467D8C3 /* Build configuration list for PBXNativeTarget "ToDayTests" */ = {
			isa = XCConfigurationList;
			buildConfigurations = (
				75B542BB223BF07D88D0E640 /* Debug */,
				4E7FF80832C20A2DDAADCA46 /* Release */,
			);
			defaultConfigurationIsVisible = 0;
			defaultConfigurationName = Debug;
		};
/* End XCConfigurationList section */
	};
	rootObject = 2C29361A382315565B1DE7BF /* Project object */;
}
